
Microsoft Visual Studio Solution File, Format Version 12.00
# Visual Studio Version 17
VisualStudioVersion = 17.3.32901.215
MinimumVisualStudioVersion = 10.0.40219.1
Project("{FAE04EC0-301F-11D3-BF4B-00C04F79EFBC}") = "Dungeons and Bourbon", "Dungeons and Bourbon\Dungeons and Bourbon.csproj", "{A9C039C4-B0FA-4381-A77D-0622F2E63590}"
	ProjectSection(ProjectDependencies) = postProject
		{C765FFFA-A0BE-4D96-8982-4C60FE274E9A} = {C765FFFA-A0BE-4D96-8982-4C60FE274E9A}
	EndProjectSection
EndProject
Project("{9A19103F-16F7-4668-BE54-9A1E7A4F7556}") = "ClassLibrary", "ClassLibrary\ClassLibrary.csproj", "{C765FFFA-A0BE-4D96-8982-4C60FE274E9A}"
EndProject
Global
	GlobalSection(SolutionConfigurationPlatforms) = preSolution
		Debug|Any CPU = Debug|Any CPU
		Release|Any CPU = Release|Any CPU
	EndGlobalSection
	GlobalSection(ProjectConfigurationPlatforms) = postSolution
		{A9C039C4-B0FA-4381-A77D-0622F2E63590}.Debug|Any CPU.ActiveCfg = Debug|Any CPU
		{A9C039C4-B0FA-4381-A77D-0622F2E63590}.Debug|Any CPU.Build.0 = Debug|Any CPU
		{A9C039C4-B0FA-4381-A77D-0622F2E63590}.Release|Any CPU.ActiveCfg = Release|Any CPU
		{A9C039C4-B0FA-4381-A77D-0622F2E63590}.Release|Any CPU.Build.0 = Release|Any CPU
		{C765FFFA-A0BE-4D96-8982-4C60FE274E9A}.Debug|Any CPU.ActiveCfg = Debug|Any CPU
		{C765FFFA-A0BE-4D96-8982-4C60FE274E9A}.Debug|Any CPU.Build.0 = Debug|Any CPU
		{C765FFFA-A0BE-4D96-8982-4C60FE274E9A}.Release|Any CPU.ActiveCfg = Release|Any CPU
		{C765FFFA-A0BE-4D96-8982-4C60FE274E9A}.Release|Any CPU.Build.0 = Release|Any CPU
	EndGlobalSection
	GlobalSection(SolutionProperties) = preSolution
		HideSolutionNode = FALSE
	EndGlobalSection
	GlobalSection(ExtensibilityGlobals) = postSolution
		SolutionGuid = {C1114F39-F2A3-4B16-BE82-9004F798DC05}
	EndGlobalSection
EndGlobal
